// !$*UTF8*$!
{
	archiveVersion = 1;
	classes = {
	};
	objectVersion = 50;
	objects = {

/* Begin PBXBuildFile section */
		B5273DD0271A65C90096A78B /* PegsImage.swift in Sources */ = {isa = PBXBuildFile; fileRef = B5273DCF271A65C90096A78B /* PegsImage.swift */; };
		B53D2D3226FFCA2B00069D0A /* TwentyNineApp.swift in Sources */ = {isa = PBXBuildFile; fileRef = B53D2D3126FFCA2B00069D0A /* TwentyNineApp.swift */; };
		B53D2D3426FFCA2B00069D0A /* ContentView.swift in Sources */ = {isa = PBXBuildFile; fileRef = B53D2D3326FFCA2B00069D0A /* ContentView.swift */; };
		B53D2D3626FFCA2C00069D0A /* Assets.xcassets in Resources */ = {isa = PBXBuildFile; fileRef = B53D2D3526FFCA2C00069D0A /* Assets.xcassets */; };
		B53D2D3926FFCA2C00069D0A /* Preview Assets.xcassets in Resources */ = {isa = PBXBuildFile; fileRef = B53D2D3826FFCA2C00069D0A /* Preview Assets.xcassets */; };
		B53D2D3E26FFCA2C00069D0A /* TwentyNine.xcdatamodeld in Sources */ = {isa = PBXBuildFile; fileRef = B53D2D3C26FFCA2C00069D0A /* TwentyNine.xcdatamodeld */; };
		B53D2D4926FFCA2C00069D0A /* TwentyNineTests.swift in Sources */ = {isa = PBXBuildFile; fileRef = B53D2D4826FFCA2C00069D0A /* TwentyNineTests.swift */; };
		B53D2D5426FFCA2C00069D0A /* TwentyNineUITests.swift in Sources */ = {isa = PBXBuildFile; fileRef = B53D2D5326FFCA2C00069D0A /* TwentyNineUITests.swift */; };
		B59CDA70271B5C9D0020EBEC /* MessagePaneRow.swift in Sources */ = {isa = PBXBuildFile; fileRef = B59CDA6F271B5C9D0020EBEC /* MessagePaneRow.swift */; };
		B59E0E76272509CE006BB80A /* BreakdownButton.swift in Sources */ = {isa = PBXBuildFile; fileRef = B59E0E75272509CE006BB80A /* BreakdownButton.swift */; };
		B5C9B08F2724BDB9007A211B /* CollectionExtension.swift in Sources */ = {isa = PBXBuildFile; fileRef = B5C9B08E2724BDB9007A211B /* CollectionExtension.swift */; };
		B5C9B09D2724FB04007A211B /* Breakdown.swift in Sources */ = {isa = PBXBuildFile; fileRef = B5C9B09C2724FB04007A211B /* Breakdown.swift */; };
		B5F6BA81270A407A007A04A0 /* CardButton.swift in Sources */ = {isa = PBXBuildFile; fileRef = B5F6BA80270A407A007A04A0 /* CardButton.swift */; };
		B5F6BA84270A40C3007A04A0 /* ModelData.swift in Sources */ = {isa = PBXBuildFile; fileRef = B5F6BA83270A40C3007A04A0 /* ModelData.swift */; };
		B5F6BA88270A45D1007A04A0 /* CardRow.swift in Sources */ = {isa = PBXBuildFile; fileRef = B5F6BA87270A45D1007A04A0 /* CardRow.swift */; };
		B5F6BA8A270A5053007A04A0 /* CardGrid.swift in Sources */ = {isa = PBXBuildFile; fileRef = B5F6BA89270A5053007A04A0 /* CardGrid.swift */; };
		B5F6BA8C270A5F15007A04A0 /* CardGridRow.swift in Sources */ = {isa = PBXBuildFile; fileRef = B5F6BA8B270A5F15007A04A0 /* CardGridRow.swift */; };
		B5F6BA90270A6606007A04A0 /* MessagePane.swift in Sources */ = {isa = PBXBuildFile; fileRef = B5F6BA8F270A6606007A04A0 /* MessagePane.swift */; };
		B5F6BA94270BD124007A04A0 /* SuitImage.swift in Sources */ = {isa = PBXBuildFile; fileRef = B5F6BA93270BD124007A04A0 /* SuitImage.swift */; };
		B5F6BA97270BD4E8007A04A0 /* ColorExtension.swift in Sources */ = {isa = PBXBuildFile; fileRef = B5F6BA96270BD4E8007A04A0 /* ColorExtension.swift */; };
		B5F6BA99270BE74B007A04A0 /* PipText.swift in Sources */ = {isa = PBXBuildFile; fileRef = B5F6BA98270BE74B007A04A0 /* PipText.swift */; };
		B5F6BADE2717A602007A04A0 /* Message.swift in Sources */ = {isa = PBXBuildFile; fileRef = B5F6BADD2717A602007A04A0 /* Message.swift */; };
		B5F6BAE02717A8BA007A04A0 /* MessagePaneButton.swift in Sources */ = {isa = PBXBuildFile; fileRef = B5F6BADF2717A8BA007A04A0 /* MessagePaneButton.swift */; };
		B5F997EB27250E9A0065CC65 /* Forge.framework in Frameworks */ = {isa = PBXBuildFile; fileRef = B50ADA2C2709F83B0038219D /* Forge.framework */; };
		B5F997EC27250E9A0065CC65 /* Forge.framework in Embed Frameworks */ = {isa = PBXBuildFile; fileRef = B50ADA2C2709F83B0038219D /* Forge.framework */; settings = {ATTRIBUTES = (CodeSignOnCopy, RemoveHeadersOnCopy, ); }; };
		B5FDADB1271B6E8900864F69 /* PegsImageRow.swift in Sources */ = {isa = PBXBuildFile; fileRef = B5FDADB0271B6E8900864F69 /* PegsImageRow.swift */; };
		B5FDADB4271B6F6000864F69 /* HandView.swift in Sources */ = {isa = PBXBuildFile; fileRef = B5FDADB3271B6F6000864F69 /* HandView.swift */; };
/* End PBXBuildFile section */

/* Begin PBXContainerItemProxy section */
		B53D2D4526FFCA2C00069D0A /* PBXContainerItemProxy */ = {
			isa = PBXContainerItemProxy;
			containerPortal = B53D2D2626FFCA2B00069D0A /* Project object */;
			proxyType = 1;
			remoteGlobalIDString = B53D2D2D26FFCA2B00069D0A;
			remoteInfo = TwentyNine;
		};
		B53D2D5026FFCA2C00069D0A /* PBXContainerItemProxy */ = {
			isa = PBXContainerItemProxy;
			containerPortal = B53D2D2626FFCA2B00069D0A /* Project object */;
			proxyType = 1;
			remoteGlobalIDString = B53D2D2D26FFCA2B00069D0A;
			remoteInfo = TwentyNine;
		};
/* End PBXContainerItemProxy section */

/* Begin PBXCopyFilesBuildPhase section */
		B5F997ED27250E9A0065CC65 /* Embed Frameworks */ = {
			isa = PBXCopyFilesBuildPhase;
			buildActionMask = 2147483647;
			dstPath = "";
			dstSubfolderSpec = 10;
			files = (
				B5F997EC27250E9A0065CC65 /* Forge.framework in Embed Frameworks */,
			);
			name = "Embed Frameworks";
			runOnlyForDeploymentPostprocessing = 0;
		};
/* End PBXCopyFilesBuildPhase section */

/* Begin PBXFileReference section */
		B50ADA2C2709F83B0038219D /* Forge.framework */ = {isa = PBXFileReference; lastKnownFileType = wrapper.framework; name = Forge.framework; path = ../../../../Forge.framework; sourceTree = "<group>"; };
		B5273DCF271A65C90096A78B /* PegsImage.swift */ = {isa = PBXFileReference; lastKnownFileType = sourcecode.swift; path = PegsImage.swift; sourceTree = "<group>"; };
		B53D2D2E26FFCA2B00069D0A /* TwentyNine.app */ = {isa = PBXFileReference; explicitFileType = wrapper.application; includeInIndex = 0; path = TwentyNine.app; sourceTree = BUILT_PRODUCTS_DIR; };
		B53D2D3126FFCA2B00069D0A /* TwentyNineApp.swift */ = {isa = PBXFileReference; lastKnownFileType = sourcecode.swift; path = TwentyNineApp.swift; sourceTree = "<group>"; };
		B53D2D3326FFCA2B00069D0A /* ContentView.swift */ = {isa = PBXFileReference; lastKnownFileType = sourcecode.swift; path = ContentView.swift; sourceTree = "<group>"; };
		B53D2D3526FFCA2C00069D0A /* Assets.xcassets */ = {isa = PBXFileReference; lastKnownFileType = folder.assetcatalog; path = Assets.xcassets; sourceTree = "<group>"; };
		B53D2D3826FFCA2C00069D0A /* Preview Assets.xcassets */ = {isa = PBXFileReference; lastKnownFileType = folder.assetcatalog; path = "Preview Assets.xcassets"; sourceTree = "<group>"; };
		B53D2D3D26FFCA2C00069D0A /* TwentyNine.xcdatamodel */ = {isa = PBXFileReference; lastKnownFileType = wrapper.xcdatamodel; path = TwentyNine.xcdatamodel; sourceTree = "<group>"; };
		B53D2D3F26FFCA2C00069D0A /* Info.plist */ = {isa = PBXFileReference; lastKnownFileType = text.plist.xml; path = Info.plist; sourceTree = "<group>"; };
		B53D2D4426FFCA2C00069D0A /* TwentyNineTests.xctest */ = {isa = PBXFileReference; explicitFileType = wrapper.cfbundle; includeInIndex = 0; path = TwentyNineTests.xctest; sourceTree = BUILT_PRODUCTS_DIR; };
		B53D2D4826FFCA2C00069D0A /* TwentyNineTests.swift */ = {isa = PBXFileReference; lastKnownFileType = sourcecode.swift; path = TwentyNineTests.swift; sourceTree = "<group>"; };
		B53D2D4A26FFCA2C00069D0A /* Info.plist */ = {isa = PBXFileReference; lastKnownFileType = text.plist.xml; path = Info.plist; sourceTree = "<group>"; };
		B53D2D4F26FFCA2C00069D0A /* TwentyNineUITests.xctest */ = {isa = PBXFileReference; explicitFileType = wrapper.cfbundle; includeInIndex = 0; path = TwentyNineUITests.xctest; sourceTree = BUILT_PRODUCTS_DIR; };
		B53D2D5326FFCA2C00069D0A /* TwentyNineUITests.swift */ = {isa = PBXFileReference; lastKnownFileType = sourcecode.swift; path = TwentyNineUITests.swift; sourceTree = "<group>"; };
		B53D2D5526FFCA2C00069D0A /* Info.plist */ = {isa = PBXFileReference; lastKnownFileType = text.plist.xml; path = Info.plist; sourceTree = "<group>"; };
		B59CDA6F271B5C9D0020EBEC /* MessagePaneRow.swift */ = {isa = PBXFileReference; fileEncoding = 4; lastKnownFileType = sourcecode.swift; path = MessagePaneRow.swift; sourceTree = "<group>"; };
		B59E0E75272509CE006BB80A /* BreakdownButton.swift */ = {isa = PBXFileReference; lastKnownFileType = sourcecode.swift; path = BreakdownButton.swift; sourceTree = "<group>"; };
		B5C9B08E2724BDB9007A211B /* CollectionExtension.swift */ = {isa = PBXFileReference; lastKnownFileType = sourcecode.swift; path = CollectionExtension.swift; sourceTree = "<group>"; };
		B5C9B09C2724FB04007A211B /* Breakdown.swift */ = {isa = PBXFileReference; lastKnownFileType = sourcecode.swift; path = Breakdown.swift; sourceTree = "<group>"; };
		B5E0FFD827250C3D00F6CF81 /* Forge.framework */ = {isa = PBXFileReference; lastKnownFileType = wrapper.framework; name = Forge.framework; path = ../../../../../Library/Forge.framework; sourceTree = "<group>"; };
		B5F6BA80270A407A007A04A0 /* CardButton.swift */ = {isa = PBXFileReference; lastKnownFileType = sourcecode.swift; path = CardButton.swift; sourceTree = "<group>"; };
		B5F6BA83270A40C3007A04A0 /* ModelData.swift */ = {isa = PBXFileReference; lastKnownFileType = sourcecode.swift; path = ModelData.swift; sourceTree = "<group>"; };
		B5F6BA87270A45D1007A04A0 /* CardRow.swift */ = {isa = PBXFileReference; lastKnownFileType = sourcecode.swift; path = CardRow.swift; sourceTree = "<group>"; };
		B5F6BA89270A5053007A04A0 /* CardGrid.swift */ = {isa = PBXFileReference; lastKnownFileType = sourcecode.swift; path = CardGrid.swift; sourceTree = "<group>"; };
		B5F6BA8B270A5F15007A04A0 /* CardGridRow.swift */ = {isa = PBXFileReference; lastKnownFileType = sourcecode.swift; path = CardGridRow.swift; sourceTree = "<group>"; };
		B5F6BA8F270A6606007A04A0 /* MessagePane.swift */ = {isa = PBXFileReference; lastKnownFileType = sourcecode.swift; path = MessagePane.swift; sourceTree = "<group>"; };
		B5F6BA93270BD124007A04A0 /* SuitImage.swift */ = {isa = PBXFileReference; lastKnownFileType = sourcecode.swift; path = SuitImage.swift; sourceTree = "<group>"; };
		B5F6BA96270BD4E8007A04A0 /* ColorExtension.swift */ = {isa = PBXFileReference; lastKnownFileType = sourcecode.swift; path = ColorExtension.swift; sourceTree = "<group>"; };
		B5F6BA98270BE74B007A04A0 /* PipText.swift */ = {isa = PBXFileReference; lastKnownFileType = sourcecode.swift; path = PipText.swift; sourceTree = "<group>"; };
		B5F6BADD2717A602007A04A0 /* Message.swift */ = {isa = PBXFileReference; lastKnownFileType = sourcecode.swift; path = Message.swift; sourceTree = "<group>"; };
		B5F6BADF2717A8BA007A04A0 /* MessagePaneButton.swift */ = {isa = PBXFileReference; lastKnownFileType = sourcecode.swift; path = MessagePaneButton.swift; sourceTree = "<group>"; };
		B5FDADB0271B6E8900864F69 /* PegsImageRow.swift */ = {isa = PBXFileReference; fileEncoding = 4; lastKnownFileType = sourcecode.swift; path = PegsImageRow.swift; sourceTree = "<group>"; };
		B5FDADB3271B6F6000864F69 /* HandView.swift */ = {isa = PBXFileReference; fileEncoding = 4; lastKnownFileType = sourcecode.swift; path = HandView.swift; sourceTree = "<group>"; };
/* End PBXFileReference section */

/* Begin PBXFrameworksBuildPhase section */
		B53D2D2B26FFCA2B00069D0A /* Frameworks */ = {
			isa = PBXFrameworksBuildPhase;
			buildActionMask = 2147483647;
			files = (
				B5F997EB27250E9A0065CC65 /* Forge.framework in Frameworks */,
			);
			runOnlyForDeploymentPostprocessing = 0;
		};
		B53D2D4126FFCA2C00069D0A /* Frameworks */ = {
			isa = PBXFrameworksBuildPhase;
			buildActionMask = 2147483647;
			files = (
			);
			runOnlyForDeploymentPostprocessing = 0;
		};
		B53D2D4C26FFCA2C00069D0A /* Frameworks */ = {
			isa = PBXFrameworksBuildPhase;
			buildActionMask = 2147483647;
			files = (
			);
			runOnlyForDeploymentPostprocessing = 0;
		};
/* End PBXFrameworksBuildPhase section */

/* Begin PBXGroup section */
		B50ADA2B2709F83B0038219D /* Frameworks */ = {
			isa = PBXGroup;
			children = (
				B5E0FFD827250C3D00F6CF81 /* Forge.framework */,
				B50ADA2C2709F83B0038219D /* Forge.framework */,
			);
			name = Frameworks;
			sourceTree = "<group>";
		};
		B5273DCE271A65B90096A78B /* Pegs */ = {
			isa = PBXGroup;
			children = (
				B5FDADB0271B6E8900864F69 /* PegsImageRow.swift */,
				B5273DCF271A65C90096A78B /* PegsImage.swift */,
			);
			path = Pegs;
			sourceTree = "<group>";
		};
		B53D2D2526FFCA2B00069D0A = {
			isa = PBXGroup;
			children = (
				B53D2D3026FFCA2B00069D0A /* TwentyNine */,
				B53D2D4726FFCA2C00069D0A /* TwentyNineTests */,
				B53D2D5226FFCA2C00069D0A /* TwentyNineUITests */,
				B53D2D2F26FFCA2B00069D0A /* Products */,
				B50ADA2B2709F83B0038219D /* Frameworks */,
			);
			sourceTree = "<group>";
		};
		B53D2D2F26FFCA2B00069D0A /* Products */ = {
			isa = PBXGroup;
			children = (
				B53D2D2E26FFCA2B00069D0A /* TwentyNine.app */,
				B53D2D4426FFCA2C00069D0A /* TwentyNineTests.xctest */,
				B53D2D4F26FFCA2C00069D0A /* TwentyNineUITests.xctest */,
			);
			name = Products;
			sourceTree = "<group>";
		};
		B53D2D3026FFCA2B00069D0A /* TwentyNine */ = {
			isa = PBXGroup;
			children = (
				B53D2D3126FFCA2B00069D0A /* TwentyNineApp.swift */,
				B5F6BA95270BD496007A04A0 /* Extensions */,
				B5F6BA82270A40B7007A04A0 /* Model */,
				B5F6BA7D270A3D3B007A04A0 /* Views */,
				B53D2D3526FFCA2C00069D0A /* Assets.xcassets */,
				B53D2D3F26FFCA2C00069D0A /* Info.plist */,
				B53D2D3C26FFCA2C00069D0A /* TwentyNine.xcdatamodeld */,
				B53D2D3726FFCA2C00069D0A /* Preview Content */,
			);
			path = TwentyNine;
			sourceTree = "<group>";
		};
		B53D2D3726FFCA2C00069D0A /* Preview Content */ = {
			isa = PBXGroup;
			children = (
				B53D2D3826FFCA2C00069D0A /* Preview Assets.xcassets */,
			);
			path = "Preview Content";
			sourceTree = "<group>";
		};
		B53D2D4726FFCA2C00069D0A /* TwentyNineTests */ = {
			isa = PBXGroup;
			children = (
				B53D2D4826FFCA2C00069D0A /* TwentyNineTests.swift */,
				B53D2D4A26FFCA2C00069D0A /* Info.plist */,
			);
			path = TwentyNineTests;
			sourceTree = "<group>";
		};
		B53D2D5226FFCA2C00069D0A /* TwentyNineUITests */ = {
			isa = PBXGroup;
			children = (
				B53D2D5326FFCA2C00069D0A /* TwentyNineUITests.swift */,
				B53D2D5526FFCA2C00069D0A /* Info.plist */,
			);
			path = TwentyNineUITests;
			sourceTree = "<group>";
		};
		B5F6BA7D270A3D3B007A04A0 /* Views */ = {
			isa = PBXGroup;
			children = (
				B53D2D3326FFCA2B00069D0A /* ContentView.swift */,
				B5FDADB2271B6F6000864F69 /* Hands */,
				B5F6BADC2717A5E5007A04A0 /* MessagePane */,
				B5F6BAD8271362D5007A04A0 /* Cards */,
				B5273DCE271A65B90096A78B /* Pegs */,
			);
			path = Views;
			sourceTree = "<group>";
		};
		B5F6BA82270A40B7007A04A0 /* Model */ = {
			isa = PBXGroup;
			children = (
				B5F6BA83270A40C3007A04A0 /* ModelData.swift */,
			);
			path = Model;
			sourceTree = "<group>";
		};
		B5F6BA95270BD496007A04A0 /* Extensions */ = {
			isa = PBXGroup;
			children = (
				B5F6BA96270BD4E8007A04A0 /* ColorExtension.swift */,
				B5C9B08E2724BDB9007A211B /* CollectionExtension.swift */,
			);
			path = Extensions;
			sourceTree = "<group>";
		};
		B5F6BAD8271362D5007A04A0 /* Cards */ = {
			isa = PBXGroup;
			children = (
				B5F6BA93270BD124007A04A0 /* SuitImage.swift */,
				B5F6BA98270BE74B007A04A0 /* PipText.swift */,
				B5F6BA80270A407A007A04A0 /* CardButton.swift */,
				B5F6BA87270A45D1007A04A0 /* CardRow.swift */,
				B5F6BA89270A5053007A04A0 /* CardGrid.swift */,
				B5F6BA8B270A5F15007A04A0 /* CardGridRow.swift */,
			);
			path = Cards;
			sourceTree = "<group>";
		};
		B5F6BADC2717A5E5007A04A0 /* MessagePane */ = {
			isa = PBXGroup;
			children = (
				B5F6BADF2717A8BA007A04A0 /* MessagePaneButton.swift */,
				B5F6BADD2717A602007A04A0 /* Message.swift */,
				B5F6BA8F270A6606007A04A0 /* MessagePane.swift */,
				B59CDA6F271B5C9D0020EBEC /* MessagePaneRow.swift */,
				B59E0E75272509CE006BB80A /* BreakdownButton.swift */,
			);
			path = MessagePane;
			sourceTree = "<group>";
		};
		B5FDADB2271B6F6000864F69 /* Hands */ = {
			isa = PBXGroup;
			children = (
				B5FDADB3271B6F6000864F69 /* HandView.swift */,
				B5C9B09C2724FB04007A211B /* Breakdown.swift */,
			);
			path = Hands;
			sourceTree = "<group>";
		};
/* End PBXGroup section */

/* Begin PBXNativeTarget section */
		B53D2D2D26FFCA2B00069D0A /* TwentyNine */ = {
			isa = PBXNativeTarget;
			buildConfigurationList = B53D2D5826FFCA2C00069D0A /* Build configuration list for PBXNativeTarget "TwentyNine" */;
			buildPhases = (
				B53D2D2A26FFCA2B00069D0A /* Sources */,
				B53D2D2B26FFCA2B00069D0A /* Frameworks */,
				B53D2D2C26FFCA2B00069D0A /* Resources */,
				B5F997ED27250E9A0065CC65 /* Embed Frameworks */,
			);
			buildRules = (
			);
			dependencies = (
			);
			name = TwentyNine;
			packageProductDependencies = (
			);
			productName = TwentyNine;
			productReference = B53D2D2E26FFCA2B00069D0A /* TwentyNine.app */;
			productType = "com.apple.product-type.application";
		};
		B53D2D4326FFCA2C00069D0A /* TwentyNineTests */ = {
			isa = PBXNativeTarget;
			buildConfigurationList = B53D2D5B26FFCA2C00069D0A /* Build configuration list for PBXNativeTarget "TwentyNineTests" */;
			buildPhases = (
				B53D2D4026FFCA2C00069D0A /* Sources */,
				B53D2D4126FFCA2C00069D0A /* Frameworks */,
				B53D2D4226FFCA2C00069D0A /* Resources */,
			);
			buildRules = (
			);
			dependencies = (
				B53D2D4626FFCA2C00069D0A /* PBXTargetDependency */,
			);
			name = TwentyNineTests;
			productName = TwentyNineTests;
			productReference = B53D2D4426FFCA2C00069D0A /* TwentyNineTests.xctest */;
			productType = "com.apple.product-type.bundle.unit-test";
		};
		B53D2D4E26FFCA2C00069D0A /* TwentyNineUITests */ = {
			isa = PBXNativeTarget;
			buildConfigurationList = B53D2D5E26FFCA2C00069D0A /* Build configuration list for PBXNativeTarget "TwentyNineUITests" */;
			buildPhases = (
				B53D2D4B26FFCA2C00069D0A /* Sources */,
				B53D2D4C26FFCA2C00069D0A /* Frameworks */,
				B53D2D4D26FFCA2C00069D0A /* Resources */,
			);
			buildRules = (
			);
			dependencies = (
				B53D2D5126FFCA2C00069D0A /* PBXTargetDependency */,
			);
			name = TwentyNineUITests;
			productName = TwentyNineUITests;
			productReference = B53D2D4F26FFCA2C00069D0A /* TwentyNineUITests.xctest */;
			productType = "com.apple.product-type.bundle.ui-testing";
		};
/* End PBXNativeTarget section */

/* Begin PBXProject section */
		B53D2D2626FFCA2B00069D0A /* Project object */ = {
			isa = PBXProject;
			attributes = {
				LastSwiftUpdateCheck = 1250;
				LastUpgradeCheck = 1250;
				TargetAttributes = {
					B53D2D2D26FFCA2B00069D0A = {
						CreatedOnToolsVersion = 12.5.1;
					};
					B53D2D4326FFCA2C00069D0A = {
						CreatedOnToolsVersion = 12.5.1;
						TestTargetID = B53D2D2D26FFCA2B00069D0A;
					};
					B53D2D4E26FFCA2C00069D0A = {
						CreatedOnToolsVersion = 12.5.1;
						TestTargetID = B53D2D2D26FFCA2B00069D0A;
					};
				};
			};
			buildConfigurationList = B53D2D2926FFCA2B00069D0A /* Build configuration list for PBXProject "TwentyNine" */;
			compatibilityVersion = "Xcode 9.3";
			developmentRegion = en;
			hasScannedForEncodings = 0;
			knownRegions = (
				en,
				Base,
			);
			mainGroup = B53D2D2526FFCA2B00069D0A;
			packageReferences = (
			);
			productRefGroup = B53D2D2F26FFCA2B00069D0A /* Products */;
			projectDirPath = "";
			projectRoot = "";
			targets = (
				B53D2D2D26FFCA2B00069D0A /* TwentyNine */,
				B53D2D4326FFCA2C00069D0A /* TwentyNineTests */,
				B53D2D4E26FFCA2C00069D0A /* TwentyNineUITests */,
			);
		};
/* End PBXProject section */

/* Begin PBXResourcesBuildPhase section */
		B53D2D2C26FFCA2B00069D0A /* Resources */ = {
			isa = PBXResourcesBuildPhase;
			buildActionMask = 2147483647;
			files = (
				B53D2D3926FFCA2C00069D0A /* Preview Assets.xcassets in Resources */,
				B53D2D3626FFCA2C00069D0A /* Assets.xcassets in Resources */,
			);
			runOnlyForDeploymentPostprocessing = 0;
		};
		B53D2D4226FFCA2C00069D0A /* Resources */ = {
			isa = PBXResourcesBuildPhase;
			buildActionMask = 2147483647;
			files = (
			);
			runOnlyForDeploymentPostprocessing = 0;
		};
		B53D2D4D26FFCA2C00069D0A /* Resources */ = {
			isa = PBXResourcesBuildPhase;
			buildActionMask = 2147483647;
			files = (
			);
			runOnlyForDeploymentPostprocessing = 0;
		};
/* End PBXResourcesBuildPhase section */

/* Begin PBXSourcesBuildPhase section */
		B53D2D2A26FFCA2B00069D0A /* Sources */ = {
			isa = PBXSourcesBuildPhase;
			buildActionMask = 2147483647;
			files = (
				B59CDA70271B5C9D0020EBEC /* MessagePaneRow.swift in Sources */,
				B53D2D3E26FFCA2C00069D0A /* TwentyNine.xcdatamodeld in Sources */,
				B5F6BA97270BD4E8007A04A0 /* ColorExtension.swift in Sources */,
				B5273DD0271A65C90096A78B /* PegsImage.swift in Sources */,
				B53D2D3426FFCA2B00069D0A /* ContentView.swift in Sources */,
				B5FDADB4271B6F6000864F69 /* HandView.swift in Sources */,
				B5F6BA8A270A5053007A04A0 /* CardGrid.swift in Sources */,
				B5C9B09D2724FB04007A211B /* Breakdown.swift in Sources */,
				B53D2D3226FFCA2B00069D0A /* TwentyNineApp.swift in Sources */,
				B5F6BAE02717A8BA007A04A0 /* MessagePaneButton.swift in Sources */,
				B5F6BA8C270A5F15007A04A0 /* CardGridRow.swift in Sources */,
				B5FDADB1271B6E8900864F69 /* PegsImageRow.swift in Sources */,
				B5F6BA81270A407A007A04A0 /* CardButton.swift in Sources */,
				B5F6BA99270BE74B007A04A0 /* PipText.swift in Sources */,
				B59E0E76272509CE006BB80A /* BreakdownButton.swift in Sources */,
				B5F6BA90270A6606007A04A0 /* MessagePane.swift in Sources */,
				B5F6BA94270BD124007A04A0 /* SuitImage.swift in Sources */,
				B5F6BADE2717A602007A04A0 /* Message.swift in Sources */,
				B5F6BA88270A45D1007A04A0 /* CardRow.swift in Sources */,
				B5C9B08F2724BDB9007A211B /* CollectionExtension.swift in Sources */,
				B5F6BA84270A40C3007A04A0 /* ModelData.swift in Sources */,
			);
			runOnlyForDeploymentPostprocessing = 0;
		};
		B53D2D4026FFCA2C00069D0A /* Sources */ = {
			isa = PBXSourcesBuildPhase;
			buildActionMask = 2147483647;
			files = (
				B53D2D4926FFCA2C00069D0A /* TwentyNineTests.swift in Sources */,
			);
			runOnlyForDeploymentPostprocessing = 0;
		};
		B53D2D4B26FFCA2C00069D0A /* Sources */ = {
			isa = PBXSourcesBuildPhase;
			buildActionMask = 2147483647;
			files = (
				B53D2D5426FFCA2C00069D0A /* TwentyNineUITests.swift in Sources */,
			);
			runOnlyForDeploymentPostprocessing = 0;
		};
/* End PBXSourcesBuildPhase section */

/* Begin PBXTargetDependency section */
		B53D2D4626FFCA2C00069D0A /* PBXTargetDependency */ = {
			isa = PBXTargetDependency;
			target = B53D2D2D26FFCA2B00069D0A /* TwentyNine */;
			targetProxy = B53D2D4526FFCA2C00069D0A /* PBXContainerItemProxy */;
		};
		B53D2D5126FFCA2C00069D0A /* PBXTargetDependency */ = {
			isa = PBXTargetDependency;
			target = B53D2D2D26FFCA2B00069D0A /* TwentyNine */;
			targetProxy = B53D2D5026FFCA2C00069D0A /* PBXContainerItemProxy */;
		};
/* End PBXTargetDependency section */

/* Begin XCBuildConfiguration section */
		B53D2D5626FFCA2C00069D0A /* Debug */ = {
			isa = XCBuildConfiguration;
			buildSettings = {
				ALWAYS_SEARCH_USER_PATHS = NO;
				CLANG_ANALYZER_NONNULL = YES;
				CLANG_ANALYZER_NUMBER_OBJECT_CONVERSION = YES_AGGRESSIVE;
				CLANG_CXX_LANGUAGE_STANDARD = "gnu++14";
				CLANG_CXX_LIBRARY = "libc++";
				CLANG_ENABLE_MODULES = YES;
				CLANG_ENABLE_OBJC_ARC = YES;
				CLANG_ENABLE_OBJC_WEAK = YES;
				CLANG_WARN_BLOCK_CAPTURE_AUTORELEASING = YES;
				CLANG_WARN_BOOL_CONVERSION = YES;
				CLANG_WARN_COMMA = YES;
				CLANG_WARN_CONSTANT_CONVERSION = YES;
				CLANG_WARN_DEPRECATED_OBJC_IMPLEMENTATIONS = YES;
				CLANG_WARN_DIRECT_OBJC_ISA_USAGE = YES_ERROR;
				CLANG_WARN_DOCUMENTATION_COMMENTS = YES;
				CLANG_WARN_EMPTY_BODY = YES;
				CLANG_WARN_ENUM_CONVERSION = YES;
				CLANG_WARN_INFINITE_RECURSION = YES;
				CLANG_WARN_INT_CONVERSION = YES;
				CLANG_WARN_NON_LITERAL_NULL_CONVERSION = YES;
				CLANG_WARN_OBJC_IMPLICIT_RETAIN_SELF = YES;
				CLANG_WARN_OBJC_LITERAL_CONVERSION = YES;
				CLANG_WARN_OBJC_ROOT_CLASS = YES_ERROR;
				CLANG_WARN_QUOTED_INCLUDE_IN_FRAMEWORK_HEADER = YES;
				CLANG_WARN_RANGE_LOOP_ANALYSIS = YES;
				CLANG_WARN_STRICT_PROTOTYPES = YES;
				CLANG_WARN_SUSPICIOUS_MOVE = YES;
				CLANG_WARN_UNGUARDED_AVAILABILITY = YES_AGGRESSIVE;
				CLANG_WARN_UNREACHABLE_CODE = YES;
				CLANG_WARN__DUPLICATE_METHOD_MATCH = YES;
				COPY_PHASE_STRIP = NO;
				DEBUG_INFORMATION_FORMAT = dwarf;
				ENABLE_STRICT_OBJC_MSGSEND = YES;
				ENABLE_TESTABILITY = YES;
				GCC_C_LANGUAGE_STANDARD = gnu11;
				GCC_DYNAMIC_NO_PIC = NO;
				GCC_NO_COMMON_BLOCKS = YES;
				GCC_OPTIMIZATION_LEVEL = 0;
				GCC_PREPROCESSOR_DEFINITIONS = (
					"DEBUG=1",
					"$(inherited)",
				);
				GCC_WARN_64_TO_32_BIT_CONVERSION = YES;
				GCC_WARN_ABOUT_RETURN_TYPE = YES_ERROR;
				GCC_WARN_UNDECLARED_SELECTOR = YES;
				GCC_WARN_UNINITIALIZED_AUTOS = YES_AGGRESSIVE;
				GCC_WARN_UNUSED_FUNCTION = YES;
				GCC_WARN_UNUSED_VARIABLE = YES;
				IPHONEOS_DEPLOYMENT_TARGET = 14.0;
				MTL_ENABLE_DEBUG_INFO = INCLUDE_SOURCE;
				MTL_FAST_MATH = YES;
				ONLY_ACTIVE_ARCH = YES;
				SDKROOT = iphoneos;
				SWIFT_ACTIVE_COMPILATION_CONDITIONS = DEBUG;
				SWIFT_OPTIMIZATION_LEVEL = "-Onone";
			};
			name = Debug;
		};
		B53D2D5726FFCA2C00069D0A /* Release */ = {
			isa = XCBuildConfiguration;
			buildSettings = {
				ALWAYS_SEARCH_USER_PATHS = NO;
				CLANG_ANALYZER_NONNULL = YES;
				CLANG_ANALYZER_NUMBER_OBJECT_CONVERSION = YES_AGGRESSIVE;
				CLANG_CXX_LANGUAGE_STANDARD = "gnu++14";
				CLANG_CXX_LIBRARY = "libc++";
				CLANG_ENABLE_MODULES = YES;
				CLANG_ENABLE_OBJC_ARC = YES;
				CLANG_ENABLE_OBJC_WEAK = YES;
				CLANG_WARN_BLOCK_CAPTURE_AUTORELEASING = YES;
				CLANG_WARN_BOOL_CONVERSION = YES;
				CLANG_WARN_COMMA = YES;
				CLANG_WARN_CONSTANT_CONVERSION = YES;
				CLANG_WARN_DEPRECATED_OBJC_IMPLEMENTATIONS = YES;
				CLANG_WARN_DIRECT_OBJC_ISA_USAGE = YES_ERROR;
				CLANG_WARN_DOCUMENTATION_COMMENTS = YES;
				CLANG_WARN_EMPTY_BODY = YES;
				CLANG_WARN_ENUM_CONVERSION = YES;
				CLANG_WARN_INFINITE_RECURSION = YES;
				CLANG_WARN_INT_CONVERSION = YES;
				CLANG_WARN_NON_LITERAL_NULL_CONVERSION = YES;
				CLANG_WARN_OBJC_IMPLICIT_RETAIN_SELF = YES;
				CLANG_WARN_OBJC_LITERAL_CONVERSION = YES;
				CLANG_WARN_OBJC_ROOT_CLASS = YES_ERROR;
				CLANG_WARN_QUOTED_INCLUDE_IN_FRAMEWORK_HEADER = YES;
				CLANG_WARN_RANGE_LOOP_ANALYSIS = YES;
				CLANG_WARN_STRICT_PROTOTYPES = YES;
				CLANG_WARN_SUSPICIOUS_MOVE = YES;
				CLANG_WARN_UNGUARDED_AVAILABILITY = YES_AGGRESSIVE;
				CLANG_WARN_UNREACHABLE_CODE = YES;
				CLANG_WARN__DUPLICATE_METHOD_MATCH = YES;
				COPY_PHASE_STRIP = NO;
				DEBUG_INFORMATION_FORMAT = "dwarf-with-dsym";
				ENABLE_NS_ASSERTIONS = NO;
				ENABLE_STRICT_OBJC_MSGSEND = YES;
				GCC_C_LANGUAGE_STANDARD = gnu11;
				GCC_NO_COMMON_BLOCKS = YES;
				GCC_WARN_64_TO_32_BIT_CONVERSION = YES;
				GCC_WARN_ABOUT_RETURN_TYPE = YES_ERROR;
				GCC_WARN_UNDECLARED_SELECTOR = YES;
				GCC_WARN_UNINITIALIZED_AUTOS = YES_AGGRESSIVE;
				GCC_WARN_UNUSED_FUNCTION = YES;
				GCC_WARN_UNUSED_VARIABLE = YES;
				IPHONEOS_DEPLOYMENT_TARGET = 14.0;
				MTL_ENABLE_DEBUG_INFO = NO;
				MTL_FAST_MATH = YES;
				SDKROOT = iphoneos;
				SWIFT_COMPILATION_MODE = wholemodule;
				SWIFT_OPTIMIZATION_LEVEL = "-O";
				VALIDATE_PRODUCT = YES;
			};
			name = Release;
		};
		B53D2D5926FFCA2C00069D0A /* Debug */ = {
			isa = XCBuildConfiguration;
			buildSettings = {
				ASSETCATALOG_COMPILER_APPICON_NAME = AppIcon;
				ASSETCATALOG_COMPILER_GLOBAL_ACCENT_COLOR_NAME = AccentColor;
				CODE_SIGN_STYLE = Automatic;
				DEVELOPMENT_ASSET_PATHS = "TwentyNine/Preview\\ Content";
				DEVELOPMENT_TEAM = WVA79395E7;
				ENABLE_PREVIEWS = YES;
				FRAMEWORK_SEARCH_PATHS = (
					"$(inherited)",
					"$(USER_LIBRARY_DIR)/Mobile\\ Documents/com~apple~CloudDocs/Studio",
					"$(USER_LIBRARY_DIR)/Mobile\\ Documents/com~apple~CloudDocs/Studio",
					"$(USER_LIBRARY_DIR)/Mobile\\ Documents/com~apple~CloudDocs/Studio",
					"$(USER_LIBRARY_DIR)/Mobile\\ Documents/com~apple~CloudDocs/Studio",
					"$(USER_LIBRARY_DIR)/Mobile\\ Documents/com~apple~CloudDocs/Studio",
					"$(USER_LIBRARY_DIR)/Mobile\\ Documents/com~apple~CloudDocs/Studio",
					"$(USER_LIBRARY_DIR)/Mobile\\ Documents/com~apple~CloudDocs/Studio",
					"$(USER_LIBRARY_DIR)/Mobile\\ Documents/com~apple~CloudDocs/Studio",
					"$(USER_LIBRARY_DIR)/Mobile\\ Documents/com~apple~CloudDocs/Studio",
					"$(USER_LIBRARY_DIR)/Mobile\\ Documents/com~apple~CloudDocs/Studio",
					"$(USER_LIBRARY_DIR)/Mobile\\ Documents/com~apple~CloudDocs/Studio",
					"$(USER_LIBRARY_DIR)/Mobile\\ Documents/com~apple~CloudDocs/Studio",
					"$(USER_LIBRARY_DIR)/Mobile\\ Documents/com~apple~CloudDocs/Studio",
					"$(USER_LIBRARY_DIR)/Mobile\\ Documents/com~apple~CloudDocs/Studio",
					"$(USER_LIBRARY_DIR)/Mobile\\ Documents/com~apple~CloudDocs/Studio",
					"$(USER_LIBRARY_DIR)/Mobile\\ Documents/com~apple~CloudDocs/Library",
					"$(USER_LIBRARY_DIR)/Mobile\\ Documents/com~apple~CloudDocs/Library",
					"$(USER_LIBRARY_DIR)/Mobile\\ Documents/com~apple~CloudDocs/Studio",
					"$(USER_LIBRARY_DIR)/Mobile\\ Documents/com~apple~CloudDocs/Studio",
				);
				INFOPLIST_FILE = TwentyNine/Info.plist;
				IPHONEOS_DEPLOYMENT_TARGET = 14.0;
				LD_RUNPATH_SEARCH_PATHS = (
					"$(inherited)",
					"@executable_path/Frameworks",
				);
				PRODUCT_BUNDLE_IDENTIFIER = TylerJOtte.TwentyNine;
				PRODUCT_NAME = "$(TARGET_NAME)";
				SWIFT_VERSION = 5.0;
				TARGETED_DEVICE_FAMILY = "1,2";
				VALIDATE_WORKSPACE = YES;
			};
			name = Debug;
		};
		B53D2D5A26FFCA2C00069D0A /* Release */ = {
			isa = XCBuildConfiguration;
			buildSettings = {
				ASSETCATALOG_COMPILER_APPICON_NAME = AppIcon;
				ASSETCATALOG_COMPILER_GLOBAL_ACCENT_COLOR_NAME = AccentColor;
				CODE_SIGN_STYLE = Automatic;
				DEVELOPMENT_ASSET_PATHS = "TwentyNine/Preview\\ Content";
				DEVELOPMENT_TEAM = WVA79395E7;
				ENABLE_PREVIEWS = YES;
				FRAMEWORK_SEARCH_PATHS = (
					"$(inherited)",
					"$(USER_LIBRARY_DIR)/Mobile\\ Documents/com~apple~CloudDocs/Studio",
					"$(USER_LIBRARY_DIR)/Mobile\\ Documents/com~apple~CloudDocs/Studio",
					"$(USER_LIBRARY_DIR)/Mobile\\ Documents/com~apple~CloudDocs/Studio",
					"$(USER_LIBRARY_DIR)/Mobile\\ Documents/com~apple~CloudDocs/Studio",
					"$(USER_LIBRARY_DIR)/Mobile\\ Documents/com~apple~CloudDocs/Studio",
					"$(USER_LIBRARY_DIR)/Mobile\\ Documents/com~apple~CloudDocs/Studio",
					"$(USER_LIBRARY_DIR)/Mobile\\ Documents/com~apple~CloudDocs/Studio",
					"$(USER_LIBRARY_DIR)/Mobile\\ Documents/com~apple~CloudDocs/Studio",
					"$(USER_LIBRARY_DIR)/Mobile\\ Documents/com~apple~CloudDocs/Studio",
					"$(USER_LIBRARY_DIR)/Mobile\\ Documents/com~apple~CloudDocs/Studio",
					"$(USER_LIBRARY_DIR)/Mobile\\ Documents/com~apple~CloudDocs/Studio",
					"$(USER_LIBRARY_DIR)/Mobile\\ Documents/com~apple~CloudDocs/Studio",
					"$(USER_LIBRARY_DIR)/Mobile\\ Documents/com~apple~CloudDocs/Studio",
					"$(USER_LIBRARY_DIR)/Mobile\\ Documents/com~apple~CloudDocs/Studio",
					"$(USER_LIBRARY_DIR)/Mobile\\ Documents/com~apple~CloudDocs/Studio",
					"$(USER_LIBRARY_DIR)/Mobile\\ Documents/com~apple~CloudDocs/Library",
					"$(USER_LIBRARY_DIR)/Mobile\\ Documents/com~apple~CloudDocs/Library",
					"$(USER_LIBRARY_DIR)/Mobile\\ Documents/com~apple~CloudDocs/Studio",
					"$(USER_LIBRARY_DIR)/Mobile\\ Documents/com~apple~CloudDocs/Studio",
				);
				INFOPLIST_FILE = TwentyNine/Info.plist;
				IPHONEOS_DEPLOYMENT_TARGET = 14.0;
				LD_RUNPATH_SEARCH_PATHS = (
					"$(inherited)",
					"@executable_path/Frameworks",
				);
				PRODUCT_BUNDLE_IDENTIFIER = TylerJOtte.TwentyNine;
				PRODUCT_NAME = "$(TARGET_NAME)";
				SWIFT_VERSION = 5.0;
				TARGETED_DEVICE_FAMILY = "1,2";
				VALIDATE_WORKSPACE = YES;
			};
			name = Release;
		};
		B53D2D5C26FFCA2C00069D0A /* Debug */ = {
			isa = XCBuildConfiguration;
			buildSettings = {
				ALWAYS_EMBED_SWIFT_STANDARD_LIBRARIES = YES;
				BUNDLE_LOADER = "$(TEST_HOST)";
				CODE_SIGN_STYLE = Automatic;
				DEVELOPMENT_TEAM = WVA79395E7;
				INFOPLIST_FILE = TwentyNineTests/Info.plist;
				IPHONEOS_DEPLOYMENT_TARGET = 15.0;
				LD_RUNPATH_SEARCH_PATHS = (
					"$(inherited)",
					"@executable_path/Frameworks",
					"@loader_path/Frameworks",
				);
				PRODUCT_BUNDLE_IDENTIFIER = TylerJOtte.TwentyNineTests;
				PRODUCT_NAME = "$(TARGET_NAME)";
				SWIFT_VERSION = 5.0;
				TARGETED_DEVICE_FAMILY = "1,2";
				TEST_HOST = "$(BUILT_PRODUCTS_DIR)/TwentyNine.app/TwentyNine";
			};
			name = Debug;
		};
		B53D2D5D26FFCA2C00069D0A /* Release */ = {
			isa = XCBuildConfiguration;
			buildSettings = {
				ALWAYS_EMBED_SWIFT_STANDARD_LIBRARIES = YES;
				BUNDLE_LOADER = "$(TEST_HOST)";
				CODE_SIGN_STYLE = Automatic;
				DEVELOPMENT_TEAM = WVA79395E7;
				INFOPLIST_FILE = TwentyNineTests/Info.plist;
				IPHONEOS_DEPLOYMENT_TARGET = 15.0;
				LD_RUNPATH_SEARCH_PATHS = (
					"$(inherited)",
					"@executable_path/Frameworks",
					"@loader_path/Frameworks",
				);
				PRODUCT_BUNDLE_IDENTIFIER = TylerJOtte.TwentyNineTests;
				PRODUCT_NAME = "$(TARGET_NAME)";
				SWIFT_VERSION = 5.0;
				TARGETED_DEVICE_FAMILY = "1,2";
				TEST_HOST = "$(BUILT_PRODUCTS_DIR)/TwentyNine.app/TwentyNine";
			};
			name = Release;
		};
		B53D2D5F26FFCA2C00069D0A /* Debug */ = {
			isa = XCBuildConfiguration;
			buildSettings = {
				ALWAYS_EMBED_SWIFT_STANDARD_LIBRARIES = YES;
				CODE_SIGN_STYLE = Automatic;
				DEVELOPMENT_TEAM = WVA79395E7;
				INFOPLIST_FILE = TwentyNineUITests/Info.plist;
				LD_RUNPATH_SEARCH_PATHS = (
					"$(inherited)",
					"@executable_path/Frameworks",
					"@loader_path/Frameworks",
				);
				PRODUCT_BUNDLE_IDENTIFIER = TylerJOtte.TwentyNineUITests;
				PRODUCT_NAME = "$(TARGET_NAME)";
				SWIFT_VERSION = 5.0;
				TARGETED_DEVICE_FAMILY = "1,2";
				TEST_TARGET_NAME = TwentyNine;
			};
			name = Debug;
		};
		B53D2D6026FFCA2C00069D0A /* Release */ = {
			isa = XCBuildConfiguration;
			buildSettings = {
				ALWAYS_EMBED_SWIFT_STANDARD_LIBRARIES = YES;
				CODE_SIGN_STYLE = Automatic;
				DEVELOPMENT_TEAM = WVA79395E7;
				INFOPLIST_FILE = TwentyNineUITests/Info.plist;
				LD_RUNPATH_SEARCH_PATHS = (
					"$(inherited)",
					"@executable_path/Frameworks",
					"@loader_path/Frameworks",
				);
				PRODUCT_BUNDLE_IDENTIFIER = TylerJOtte.TwentyNineUITests;
				PRODUCT_NAME = "$(TARGET_NAME)";
				SWIFT_VERSION = 5.0;
				TARGETED_DEVICE_FAMILY = "1,2";
				TEST_TARGET_NAME = TwentyNine;
			};
			name = Release;
		};
/* End XCBuildConfiguration section */

/* Begin XCConfigurationList section */
		B53D2D2926FFCA2B00069D0A /* Build configuration list for PBXProject "TwentyNine" */ = {
			isa = XCConfigurationList;
			buildConfigurations = (
				B53D2D5626FFCA2C00069D0A /* Debug */,
				B53D2D5726FFCA2C00069D0A /* Release */,
			);
			defaultConfigurationIsVisible = 0;
			defaultConfigurationName = Release;
		};
		B53D2D5826FFCA2C00069D0A /* Build configuration list for PBXNativeTarget "TwentyNine" */ = {
			isa = XCConfigurationList;
			buildConfigurations = (
				B53D2D5926FFCA2C00069D0A /* Debug */,
				B53D2D5A26FFCA2C00069D0A /* Release */,
			);
			defaultConfigurationIsVisible = 0;
			defaultConfigurationName = Release;
		};
		B53D2D5B26FFCA2C00069D0A /* Build configuration list for PBXNativeTarget "TwentyNineTests" */ = {
			isa = XCConfigurationList;
			buildConfigurations = (
				B53D2D5C26FFCA2C00069D0A /* Debug */,
				B53D2D5D26FFCA2C00069D0A /* Release */,
			);
			defaultConfigurationIsVisible = 0;
			defaultConfigurationName = Release;
		};
		B53D2D5E26FFCA2C00069D0A /* Build configuration list for PBXNativeTarget "TwentyNineUITests" */ = {
			isa = XCConfigurationList;
			buildConfigurations = (
				B53D2D5F26FFCA2C00069D0A /* Debug */,
				B53D2D6026FFCA2C00069D0A /* Release */,
			);
			defaultConfigurationIsVisible = 0;
			defaultConfigurationName = Release;
		};
/* End XCConfigurationList section */

/* Begin XCVersionGroup section */
		B53D2D3C26FFCA2C00069D0A /* TwentyNine.xcdatamodeld */ = {
			isa = XCVersionGroup;
			children = (
				B53D2D3D26FFCA2C00069D0A /* TwentyNine.xcdatamodel */,
			);
			currentVersion = B53D2D3D26FFCA2C00069D0A /* TwentyNine.xcdatamodel */;
			path = TwentyNine.xcdatamodeld;
			sourceTree = "<group>";
			versionGroupType = wrapper.xcdatamodel;
		};
/* End XCVersionGroup section */
	};
	rootObject = B53D2D2626FFCA2B00069D0A /* Project object */;
}
